// !$*UTF8*$!
{
	archiveVersion = 1;
	classes = {
	};
	objectVersion = 46;
	objects = {

/* Begin PBXBuildFile section */
		D9DB7D9F1B5EE9C700AFB0DB /* AppDelegate.swift in Sources */ = {isa = PBXBuildFile; fileRef = D9DB7D9E1B5EE9C700AFB0DB /* AppDelegate.swift */; };
		D9DB7DA21B5EE9C700AFB0DB /* MySports.xcdatamodeld in Sources */ = {isa = PBXBuildFile; fileRef = D9DB7DA01B5EE9C700AFB0DB /* MySports.xcdatamodeld */; };
		D9DB7DA41B5EE9C700AFB0DB /* ViewController.swift in Sources */ = {isa = PBXBuildFile; fileRef = D9DB7DA31B5EE9C700AFB0DB /* ViewController.swift */; };
		D9DB7DA71B5EE9C700AFB0DB /* Main.storyboard in Resources */ = {isa = PBXBuildFile; fileRef = D9DB7DA51B5EE9C700AFB0DB /* Main.storyboard */; };
		D9DB7DA91B5EE9C700AFB0DB /* Images.xcassets in Resources */ = {isa = PBXBuildFile; fileRef = D9DB7DA81B5EE9C700AFB0DB /* Images.xcassets */; };
		D9DB7DAC1B5EE9C700AFB0DB /* LaunchScreen.xib in Resources */ = {isa = PBXBuildFile; fileRef = D9DB7DAA1B5EE9C700AFB0DB /* LaunchScreen.xib */; };
		D9DB7DB81B5EE9C800AFB0DB /* MySportsTests.swift in Sources */ = {isa = PBXBuildFile; fileRef = D9DB7DB71B5EE9C800AFB0DB /* MySportsTests.swift */; };
/* End PBXBuildFile section */

/* Begin PBXContainerItemProxy section */
		D9DB7DB21B5EE9C800AFB0DB /* PBXContainerItemProxy */ = {
			isa = PBXContainerItemProxy;
			containerPortal = D9DB7D911B5EE9C700AFB0DB /* Project object */;
			proxyType = 1;
			remoteGlobalIDString = D9DB7D981B5EE9C700AFB0DB;
			remoteInfo = MySports;
		};
/* End PBXContainerItemProxy section */

/* Begin PBXFileReference section */
		D9DB7D991B5EE9C700AFB0DB /* MySports.app */ = {isa = PBXFileReference; explicitFileType = wrapper.application; includeInIndex = 0; path = MySports.app; sourceTree = BUILT_PRODUCTS_DIR; };
		D9DB7D9D1B5EE9C700AFB0DB /* Info.plist */ = {isa = PBXFileReference; lastKnownFileType = text.plist.xml; path = Info.plist; sourceTree = "<group>"; };
		D9DB7D9E1B5EE9C700AFB0DB /* AppDelegate.swift */ = {isa = PBXFileReference; lastKnownFileType = sourcecode.swift; path = AppDelegate.swift; sourceTree = "<group>"; };
		D9DB7DA11B5EE9C700AFB0DB /* MySports.xcdatamodel */ = {isa = PBXFileReference; lastKnownFileType = wrapper.xcdatamodel; path = MySports.xcdatamodel; sourceTree = "<group>"; };
		D9DB7DA31B5EE9C700AFB0DB /* ViewController.swift */ = {isa = PBXFileReference; lastKnownFileType = sourcecode.swift; path = ViewController.swift; sourceTree = "<group>"; };
		D9DB7DA61B5EE9C700AFB0DB /* Base */ = {isa = PBXFileReference; lastKnownFileType = file.storyboard; name = Base; path = Base.lproj/Main.storyboard; sourceTree = "<group>"; };
		D9DB7DA81B5EE9C700AFB0DB /* Images.xcassets */ = {isa = PBXFileReference; lastKnownFileType = folder.assetcatalog; path = Images.xcassets; sourceTree = "<group>"; };
		D9DB7DAB1B5EE9C700AFB0DB /* Base */ = {isa = PBXFileReference; lastKnownFileType = file.xib; name = Base; path = Base.lproj/LaunchScreen.xib; sourceTree = "<group>"; };
		D9DB7DB11B5EE9C800AFB0DB /* MySportsTests.xctest */ = {isa = PBXFileReference; explicitFileType = wrapper.cfbundle; includeInIndex = 0; path = MySportsTests.xctest; sourceTree = BUILT_PRODUCTS_DIR; };
		D9DB7DB61B5EE9C800AFB0DB /* Info.plist */ = {isa = PBXFileReference; lastKnownFileType = text.plist.xml; path = Info.plist; sourceTree = "<group>"; };
		D9DB7DB71B5EE9C800AFB0DB /* MySportsTests.swift */ = {isa = PBXFileReference; lastKnownFileType = sourcecode.swift; path = MySportsTests.swift; sourceTree = "<group>"; };
/* End PBXFileReference section */

/* Begin PBXFrameworksBuildPhase section */
		D9DB7D961B5EE9C700AFB0DB /* Frameworks */ = {
			isa = PBXFrameworksBuildPhase;
			buildActionMask = 2147483647;
			files = (
			);
			runOnlyForDeploymentPostprocessing = 0;
		};
		D9DB7DAE1B5EE9C800AFB0DB /* Frameworks */ = {
			isa = PBXFrameworksBuildPhase;
			buildActionMask = 2147483647;
			files = (
			);
			runOnlyForDeploymentPostprocessing = 0;
		};
/* End PBXFrameworksBuildPhase section */

/* Begin PBXGroup section */
		D9DB7D901B5EE9C700AFB0DB = {
			isa = PBXGroup;
			children = (
				D9DB7D9B1B5EE9C700AFB0DB /* MySports */,
				D9DB7DB41B5EE9C800AFB0DB /* MySportsTests */,
				D9DB7D9A1B5EE9C700AFB0DB /* Products */,
			);
			sourceTree = "<group>";
		};
		D9DB7D9A1B5EE9C700AFB0DB /* Products */ = {
			isa = PBXGroup;
			children = (
				D9DB7D991B5EE9C700AFB0DB /* MySports.app */,
				D9DB7DB11B5EE9C800AFB0DB /* MySportsTests.xctest */,
			);
			name = Products;
			sourceTree = "<group>";
		};
		D9DB7D9B1B5EE9C700AFB0DB /* MySports */ = {
			isa = PBXGroup;
			children = (
				D9DB7D9E1B5EE9C700AFB0DB /* AppDelegate.swift */,
				D9DB7DA31B5EE9C700AFB0DB /* ViewController.swift */,
				D9DB7DA51B5EE9C700AFB0DB /* Main.storyboard */,
				D9DB7DA81B5EE9C700AFB0DB /* Images.xcassets */,
				D9DB7DAA1B5EE9C700AFB0DB /* LaunchScreen.xib */,
				D9DB7DA01B5EE9C700AFB0DB /* MySports.xcdatamodeld */,
				D9DB7D9C1B5EE9C700AFB0DB /* Supporting Files */,
			);
			path = MySports;
			sourceTree = "<group>";
		};
		D9DB7D9C1B5EE9C700AFB0DB /* Supporting Files */ = {
			isa = PBXGroup;
			children = (
				D9DB7D9D1B5EE9C700AFB0DB /* Info.plist */,
			);
			name = "Supporting Files";
			sourceTree = "<group>";
		};
		D9DB7DB41B5EE9C800AFB0DB /* MySportsTests */ = {
			isa = PBXGroup;
			children = (
				D9DB7DB71B5EE9C800AFB0DB /* MySportsTests.swift */,
				D9DB7DB51B5EE9C800AFB0DB /* Supporting Files */,
			);
			path = MySportsTests;
			sourceTree = "<group>";
		};
		D9DB7DB51B5EE9C800AFB0DB /* Supporting Files */ = {
			isa = PBXGroup;
			children = (
				D9DB7DB61B5EE9C800AFB0DB /* Info.plist */,
			);
			name = "Supporting Files";
			sourceTree = "<group>";
		};
/* End PBXGroup section */

/* Begin PBXNativeTarget section */
		D9DB7D981B5EE9C700AFB0DB /* MySports */ = {
			isa = PBXNativeTarget;
			buildConfigurationList = D9DB7DBB1B5EE9C800AFB0DB /* Build configuration list for PBXNativeTarget "MySports" */;
			buildPhases = (
				D9DB7D951B5EE9C700AFB0DB /* Sources */,
				D9DB7D961B5EE9C700AFB0DB /* Frameworks */,
				D9DB7D971B5EE9C700AFB0DB /* Resources */,
			);
			buildRules = (
			);
			dependencies = (
			);
			name = MySports;
			productName = MySports;
			productReference = D9DB7D991B5EE9C700AFB0DB /* MySports.app */;
			productType = "com.apple.product-type.application";
		};
		D9DB7DB01B5EE9C800AFB0DB /* MySportsTests */ = {
			isa = PBXNativeTarget;
			buildConfigurationList = D9DB7DBE1B5EE9C800AFB0DB /* Build configuration list for PBXNativeTarget "MySportsTests" */;
			buildPhases = (
				D9DB7DAD1B5EE9C800AFB0DB /* Sources */,
				D9DB7DAE1B5EE9C800AFB0DB /* Frameworks */,
				D9DB7DAF1B5EE9C800AFB0DB /* Resources */,
			);
			buildRules = (
			);
			dependencies = (
				D9DB7DB31B5EE9C800AFB0DB /* PBXTargetDependency */,
			);
			name = MySportsTests;
			productName = MySportsTests;
			productReference = D9DB7DB11B5EE9C800AFB0DB /* MySportsTests.xctest */;
			productType = "com.apple.product-type.bundle.unit-test";
		};
/* End PBXNativeTarget section */

/* Begin PBXProject section */
		D9DB7D911B5EE9C700AFB0DB /* Project object */ = {
			isa = PBXProject;
			attributes = {
				LastUpgradeCheck = 0610;
				ORGANIZATIONNAME = boa.bo;
				TargetAttributes = {
					D9DB7D981B5EE9C700AFB0DB = {
						CreatedOnToolsVersion = 6.1.1;
					};
					D9DB7DB01B5EE9C800AFB0DB = {
						CreatedOnToolsVersion = 6.1.1;
						TestTargetID = D9DB7D981B5EE9C700AFB0DB;
					};
				};
			};
			buildConfigurationList = D9DB7D941B5EE9C700AFB0DB /* Build configuration list for PBXProject "MySports" */;
			compatibilityVersion = "Xcode 3.2";
			developmentRegion = English;
			hasScannedForEncodings = 0;
			knownRegions = (
				en,
				Base,
			);
			mainGroup = D9DB7D901B5EE9C700AFB0DB;
			productRefGroup = D9DB7D9A1B5EE9C700AFB0DB /* Products */;
			projectDirPath = "";
			projectRoot = "";
			targets = (
				D9DB7D981B5EE9C700AFB0DB /* MySports */,
				D9DB7DB01B5EE9C800AFB0DB /* MySportsTests */,
			);
		};
/* End PBXProject section */

/* Begin PBXResourcesBuildPhase section */
		D9DB7D971B5EE9C700AFB0DB /* Resources */ = {
			isa = PBXResourcesBuildPhase;
			buildActionMask = 2147483647;
			files = (
				D9DB7DA71B5EE9C700AFB0DB /* Main.storyboard in Resources */,
				D9DB7DAC1B5EE9C700AFB0DB /* LaunchScreen.xib in Resources */,
				D9DB7DA91B5EE9C700AFB0DB /* Images.xcassets in Resources */,
			);
			runOnlyForDeploymentPostprocessing = 0;
		};
		D9DB7DAF1B5EE9C800AFB0DB /* Resources */ = {
			isa = PBXResourcesBuildPhase;
			buildActionMask = 2147483647;
			files = (
			);
			runOnlyForDeploymentPostprocessing = 0;
		};
/* End PBXResourcesBuildPhase section */

/* Begin PBXSourcesBuildPhase section */
		D9DB7D951B5EE9C700AFB0DB /* Sources */ = {
			isa = PBXSourcesBuildPhase;
			buildActionMask = 2147483647;
			files = (
				D9DB7DA41B5EE9C700AFB0DB /* ViewController.swift in Sources */,
				D9DB7DA21B5EE9C700AFB0DB /* MySports.xcdatamodeld in Sources */,
				D9DB7D9F1B5EE9C700AFB0DB /* AppDelegate.swift in Sources */,
			);
			runOnlyForDeploymentPostprocessing = 0;
		};
		D9DB7DAD1B5EE9C800AFB0DB /* Sources */ = {
			isa = PBXSourcesBuildPhase;
			buildActionMask = 2147483647;
			files = (
				D9DB7DB81B5EE9C800AFB0DB /* MySportsTests.swift in Sources */,
			);
			runOnlyForDeploymentPostprocessing = 0;
		};
/* End PBXSourcesBuildPhase section */

/* Begin PBXTargetDependency section */
		D9DB7DB31B5EE9C800AFB0DB /* PBXTargetDependency */ = {
			isa = PBXTargetDependency;
			target = D9DB7D981B5EE9C700AFB0DB /* MySports */;
			targetProxy = D9DB7DB21B5EE9C800AFB0DB /* PBXContainerItemProxy */;
		};
/* End PBXTargetDependency section */

/* Begin PBXVariantGroup section */
		D9DB7DA51B5EE9C700AFB0DB /* Main.storyboard */ = {
			isa = PBXVariantGroup;
			children = (
				D9DB7DA61B5EE9C700AFB0DB /* Base */,
			);
			name = Main.storyboard;
			sourceTree = "<group>";
		};
		D9DB7DAA1B5EE9C700AFB0DB /* LaunchScreen.xib */ = {
			isa = PBXVariantGroup;
			children = (
				D9DB7DAB1B5EE9C700AFB0DB /* Base */,
			);
			name = LaunchScreen.xib;
			sourceTree = "<group>";
		};
/* End PBXVariantGroup section */

/* Begin XCBuildConfiguration section */
		D9DB7DB91B5EE9C800AFB0DB /* Debug */ = {
			isa = XCBuildConfiguration;
			buildSettings = {
				ALWAYS_SEARCH_USER_PATHS = NO;
				CLANG_CXX_LANGUAGE_STANDARD = "gnu++0x";
				CLANG_CXX_LIBRARY = "libc++";
				CLANG_ENABLE_MODULES = YES;
				CLANG_ENABLE_OBJC_ARC = YES;
				CLANG_WARN_BOOL_CONVERSION = YES;
				CLANG_WARN_CONSTANT_CONVERSION = YES;
				CLANG_WARN_DIRECT_OBJC_ISA_USAGE = YES_ERROR;
				CLANG_WARN_EMPTY_BODY = YES;
				CLANG_WARN_ENUM_CONVERSION = YES;
				CLANG_WARN_INT_CONVERSION = YES;
				CLANG_WARN_OBJC_ROOT_CLASS = YES_ERROR;
				CLANG_WARN_UNREACHABLE_CODE = YES;
				CLANG_WARN__DUPLICATE_METHOD_MATCH = YES;
				"CODE_SIGN_IDENTITY[sdk=iphoneos*]" = "iPhone Developer";
				COPY_PHASE_STRIP = NO;
				ENABLE_STRICT_OBJC_MSGSEND = YES;
				GCC_C_LANGUAGE_STANDARD = gnu99;
				GCC_DYNAMIC_NO_PIC = NO;
				GCC_OPTIMIZATION_LEVEL = 0;
				GCC_PREPROCESSOR_DEFINITIONS = (
					"DEBUG=1",
					"$(inherited)",
				);
				GCC_SYMBOLS_PRIVATE_EXTERN = NO;
				GCC_WARN_64_TO_32_BIT_CONVERSION = YES;
				GCC_WARN_ABOUT_RETURN_TYPE = YES_ERROR;
				GCC_WARN_UNDECLARED_SELECTOR = YES;
				GCC_WARN_UNINITIALIZED_AUTOS = YES_AGGRESSIVE;
				GCC_WARN_UNUSED_FUNCTION = YES;
				GCC_WARN_UNUSED_VARIABLE = YES;
				IPHONEOS_DEPLOYMENT_TARGET = 8.1;
				MTL_ENABLE_DEBUG_INFO = YES;
				ONLY_ACTIVE_ARCH = YES;
				SDKROOT = iphoneos;
				SWIFT_OPTIMIZATION_LEVEL = "-Onone";
			};
			name = Debug;
		};
		D9DB7DBA1B5EE9C800AFB0DB /* Release */ = {
			isa = XCBuildConfiguration;
			buildSettings = {
				ALWAYS_SEARCH_USER_PATHS = NO;
				CLANG_CXX_LANGUAGE_STANDARD = "gnu++0x";
				CLANG_CXX_LIBRARY = "libc++";
				CLANG_ENABLE_MODULES = YES;
				CLANG_ENABLE_OBJC_ARC = YES;
				CLANG_WARN_BOOL_CONVERSION = YES;
				CLANG_WARN_CONSTANT_CONVERSION = YES;
				CLANG_WARN_DIRECT_OBJC_ISA_USAGE = YES_ERROR;
				CLANG_WARN_EMPTY_BODY = YES;
				CLANG_WARN_ENUM_CONVERSION = YES;
				CLANG_WARN_INT_CONVERSION = YES;
				CLANG_WARN_OBJC_ROOT_CLASS = YES_ERROR;
				CLANG_WARN_UNREACHABLE_CODE = YES;
				CLANG_WARN__DUPLICATE_METHOD_MATCH = YES;
				"CODE_SIGN_IDENTITY[sdk=iphoneos*]" = "iPhone Developer";
				COPY_PHASE_STRIP = YES;
				ENABLE_NS_ASSERTIONS = NO;
				ENABLE_STRICT_OBJC_MSGSEND = YES;
				GCC_C_LANGUAGE_STANDARD = gnu99;
				GCC_WARN_64_TO_32_BIT_CONVERSION = YES;
				GCC_WARN_ABOUT_RETURN_TYPE = YES_ERROR;
				GCC_WARN_UNDECLARED_SELECTOR = YES;
				GCC_WARN_UNINITIALIZED_AUTOS = YES_AGGRESSIVE;
				GCC_WARN_UNUSED_FUNCTION = YES;
				GCC_WARN_UNUSED_VARIABLE = YES;
				IPHONEOS_DEPLOYMENT_TARGET = 8.1;
				MTL_ENABLE_DEBUG_INFO = NO;
				SDKROOT = iphoneos;
				VALIDATE_PRODUCT = YES;
			};
			name = Release;
		};
		D9DB7DBC1B5EE9C800AFB0DB /* Debug */ = {
			isa = XCBuildConfiguration;
			buildSettings = {
				ASSETCATALOG_COMPILER_APPICON_NAME = AppIcon;
				INFOPLIST_FILE = MySports/Info.plist;
				LD_RUNPATH_SEARCH_PATHS = "$(inherited) @executable_path/Frameworks";
				PRODUCT_NAME = "$(TARGET_NAME)";
			};
			name = Debug;
		};
		D9DB7DBD1B5EE9C800AFB0DB /* Release */ = {
			isa = XCBuildConfiguration;
			buildSettings = {
				ASSETCATALOG_COMPILER_APPICON_NAME = AppIcon;
				INFOPLIST_FILE = MySports/Info.plist;
				LD_RUNPATH_SEARCH_PATHS = "$(inherited) @executable_path/Frameworks";
				PRODUCT_NAME = "$(TARGET_NAME)";
			};
			name = Release;
		};
		D9DB7DBF1B5EE9C800AFB0DB /* Debug */ = {
			isa = XCBuildConfiguration;
			buildSettings = {
				BUNDLE_LOADER = "$(TEST_HOST)";
				FRAMEWORK_SEARCH_PATHS = (
					"$(SDKROOT)/Developer/Library/Frameworks",
					"$(inherited)",
				);
				GCC_PREPROCESSOR_DEFINITIONS = (
					"DEBUG=1",
					"$(inherited)",
				);
				INFOPLIST_FILE = MySportsTests/Info.plist;
				LD_RUNPATH_SEARCH_PATHS = "$(inherited) @executable_path/Frameworks @loader_path/Frameworks";
				PRODUCT_NAME = "$(TARGET_NAME)";
				TEST_HOST = "$(BUILT_PRODUCTS_DIR)/MySports.app/MySports";
			};
			name = Debug;
		};
		D9DB7DC01B5EE9C800AFB0DB /* Release */ = {
			isa = XCBuildConfiguration;
			buildSettings = {
				BUNDLE_LOADER = "$(TEST_HOST)";
				FRAMEWORK_SEARCH_PATHS = (
					"$(SDKROOT)/Developer/Library/Frameworks",
					"$(inherited)",
				);
				INFOPLIST_FILE = MySportsTests/Info.plist;
				LD_RUNPATH_SEARCH_PATHS = "$(inherited) @executable_path/Frameworks @loader_path/Frameworks";
				PRODUCT_NAME = "$(TARGET_NAME)";
				TEST_HOST = "$(BUILT_PRODUCTS_DIR)/MySports.app/MySports";
			};
			name = Release;
		};
/* End XCBuildConfiguration section */

/* Begin XCConfigurationList section */
		D9DB7D941B5EE9C700AFB0DB /* Build configuration list for PBXProject "MySports" */ = {
			isa = XCConfigurationList;
			buildConfigurations = (
				D9DB7DB91B5EE9C800AFB0DB /* Debug */,
				D9DB7DBA1B5EE9C800AFB0DB /* Release */,
			);
			defaultConfigurationIsVisible = 0;
			defaultConfigurationName = Release;
		};
		D9DB7DBB1B5EE9C800AFB0DB /* Build configuration list for PBXNativeTarget "MySports" */ = {
			isa = XCConfigurationList;
			buildConfigurations = (
				D9DB7DBC1B5EE9C800AFB0DB /* Debug */,
				D9DB7DBD1B5EE9C800AFB0DB /* Release */,
			);
			defaultConfigurationIsVisible = 0;
		};
		D9DB7DBE1B5EE9C800AFB0DB /* Build configuration list for PBXNativeTarget "MySportsTests" */ = {
			isa = XCConfigurationList;
			buildConfigurations = (
				D9DB7DBF1B5EE9C800AFB0DB /* Debug */,
				D9DB7DC01B5EE9C800AFB0DB /* Release */,
			);
			defaultConfigurationIsVisible = 0;
		};
/* End XCConfigurationList section */

/* Begin XCVersionGroup section */
		D9DB7DA01B5EE9C700AFB0DB /* MySports.xcdatamodeld */ = {
			isa = XCVersionGroup;
			children = (
				D9DB7DA11B5EE9C700AFB0DB /* MySports.xcdatamodel */,
			);
			currentVersion = D9DB7DA11B5EE9C700AFB0DB /* MySports.xcdatamodel */;
			path = MySports.xcdatamodeld;
			sourceTree = "<group>";
			versionGroupType = wrapper.xcdatamodel;
		};
/* End XCVersionGroup section */
	};
	rootObject = D9DB7D911B5EE9C700AFB0DB /* Project object */;
}
